
Microsoft Visual Studio Solution File, Format Version 12.00
# Visual Studio 14
VisualStudioVersion = 14.0.25420.1
MinimumVisualStudioVersion = 10.0.40219.1
Project("{2150E333-8FDC-42A3-9474-1A3956D46DE8}") = "Engine", "Engine", "{5843B5CA-93EF-42FA-A6FE-ECA9FBD83948}"
EndProject
Project("{2150E333-8FDC-42A3-9474-1A3956D46DE8}") = "Games", "Games", "{06FCF434-57D8-4EFE-AE12-02CCF539F9FB}"
EndProject
Project("{8BC9CEB8-8B4A-11D0-8D11-00A0C91BC942}") = "UE4", "Intermediate\ProjectFiles\UE4.vcxproj", "{9A38DE53-8B82-4EE5-BDAF-021FB8C5A7DE}"
EndProject
Project("{8BC9CEB8-8B4A-11D0-8D11-00A0C91BC942}") = "Slate_Playground", "Intermediate\ProjectFiles\Slate_Playground.vcxproj", "{E271379C-5B4D-4F98-A3A0-98F272ED01A0}"
EndProject
Global
	GlobalSection(SolutionConfigurationPlatforms) = preSolution
		DebugGame Editor|HTML5 = DebugGame Editor|HTML5
		DebugGame Editor|Win32 = DebugGame Editor|Win32
		DebugGame Editor|Win64 = DebugGame Editor|Win64
		DebugGame|HTML5 = DebugGame|HTML5
		DebugGame|Win32 = DebugGame|Win32
		DebugGame|Win64 = DebugGame|Win64
		Development Editor|HTML5 = Development Editor|HTML5
		Development Editor|Win32 = Development Editor|Win32
		Development Editor|Win64 = Development Editor|Win64
		Development|HTML5 = Development|HTML5
		Development|Win32 = Development|Win32
		Development|Win64 = Development|Win64
		Shipping|HTML5 = Shipping|HTML5
		Shipping|Win32 = Shipping|Win32
		Shipping|Win64 = Shipping|Win64
	EndGlobalSection
	GlobalSection(ProjectConfigurationPlatforms) = postSolution
		{9A38DE53-8B82-4EE5-BDAF-021FB8C5A7DE}.DebugGame Editor|HTML5.ActiveCfg = BuiltWithUnrealBuildTool|Win32
		{9A38DE53-8B82-4EE5-BDAF-021FB8C5A7DE}.DebugGame Editor|HTML5.Build.0 = BuiltWithUnrealBuildTool|Win32
		{9A38DE53-8B82-4EE5-BDAF-021FB8C5A7DE}.DebugGame Editor|Win32.ActiveCfg = BuiltWithUnrealBuildTool|Win32
		{9A38DE53-8B82-4EE5-BDAF-021FB8C5A7DE}.DebugGame Editor|Win32.Build.0 = BuiltWithUnrealBuildTool|Win32
		{9A38DE53-8B82-4EE5-BDAF-021FB8C5A7DE}.DebugGame Editor|Win64.ActiveCfg = BuiltWithUnrealBuildTool|Win32
		{9A38DE53-8B82-4EE5-BDAF-021FB8C5A7DE}.DebugGame Editor|Win64.Build.0 = BuiltWithUnrealBuildTool|Win32
		{9A38DE53-8B82-4EE5-BDAF-021FB8C5A7DE}.DebugGame|HTML5.ActiveCfg = BuiltWithUnrealBuildTool|Win32
		{9A38DE53-8B82-4EE5-BDAF-021FB8C5A7DE}.DebugGame|HTML5.Build.0 = BuiltWithUnrealBuildTool|Win32
		{9A38DE53-8B82-4EE5-BDAF-021FB8C5A7DE}.DebugGame|Win32.ActiveCfg = BuiltWithUnrealBuildTool|Win32
		{9A38DE53-8B82-4EE5-BDAF-021FB8C5A7DE}.DebugGame|Win32.Build.0 = BuiltWithUnrealBuildTool|Win32
		{9A38DE53-8B82-4EE5-BDAF-021FB8C5A7DE}.DebugGame|Win64.ActiveCfg = BuiltWithUnrealBuildTool|Win32
		{9A38DE53-8B82-4EE5-BDAF-021FB8C5A7DE}.DebugGame|Win64.Build.0 = BuiltWithUnrealBuildTool|Win32
		{9A38DE53-8B82-4EE5-BDAF-021FB8C5A7DE}.Development Editor|HTML5.ActiveCfg = BuiltWithUnrealBuildTool|Win32
		{9A38DE53-8B82-4EE5-BDAF-021FB8C5A7DE}.Development Editor|HTML5.Build.0 = BuiltWithUnrealBuildTool|Win32
		{9A38DE53-8B82-4EE5-BDAF-021FB8C5A7DE}.Development Editor|Win32.ActiveCfg = BuiltWithUnrealBuildTool|Win32
		{9A38DE53-8B82-4EE5-BDAF-021FB8C5A7DE}.Development Editor|Win32.Build.0 = BuiltWithUnrealBuildTool|Win32
		{9A38DE53-8B82-4EE5-BDAF-021FB8C5A7DE}.Development Editor|Win64.ActiveCfg = BuiltWithUnrealBuildTool|Win32
		{9A38DE53-8B82-4EE5-BDAF-021FB8C5A7DE}.Development Editor|Win64.Build.0 = BuiltWithUnrealBuildTool|Win32
		{9A38DE53-8B82-4EE5-BDAF-021FB8C5A7DE}.Development|HTML5.ActiveCfg = BuiltWithUnrealBuildTool|Win32
		{9A38DE53-8B82-4EE5-BDAF-021FB8C5A7DE}.Development|HTML5.Build.0 = BuiltWithUnrealBuildTool|Win32
		{9A38DE53-8B82-4EE5-BDAF-021FB8C5A7DE}.Development|Win32.ActiveCfg = BuiltWithUnrealBuildTool|Win32
		{9A38DE53-8B82-4EE5-BDAF-021FB8C5A7DE}.Development|Win32.Build.0 = BuiltWithUnrealBuildTool|Win32
		{9A38DE53-8B82-4EE5-BDAF-021FB8C5A7DE}.Development|Win64.ActiveCfg = BuiltWithUnrealBuildTool|Win32
		{9A38DE53-8B82-4EE5-BDAF-021FB8C5A7DE}.Development|Win64.Build.0 = BuiltWithUnrealBuildTool|Win32
		{9A38DE53-8B82-4EE5-BDAF-021FB8C5A7DE}.Shipping|HTML5.ActiveCfg = BuiltWithUnrealBuildTool|Win32
		{9A38DE53-8B82-4EE5-BDAF-021FB8C5A7DE}.Shipping|HTML5.Build.0 = BuiltWithUnrealBuildTool|Win32
		{9A38DE53-8B82-4EE5-BDAF-021FB8C5A7DE}.Shipping|Win32.ActiveCfg = BuiltWithUnrealBuildTool|Win32
		{9A38DE53-8B82-4EE5-BDAF-021FB8C5A7DE}.Shipping|Win32.Build.0 = BuiltWithUnrealBuildTool|Win32
		{9A38DE53-8B82-4EE5-BDAF-021FB8C5A7DE}.Shipping|Win64.ActiveCfg = BuiltWithUnrealBuildTool|Win32
		{9A38DE53-8B82-4EE5-BDAF-021FB8C5A7DE}.Shipping|Win64.Build.0 = BuiltWithUnrealBuildTool|Win32
		{E271379C-5B4D-4F98-A3A0-98F272ED01A0}.DebugGame Editor|HTML5.ActiveCfg = HTML5_DebugGame_Editor|Win32
		{E271379C-5B4D-4F98-A3A0-98F272ED01A0}.DebugGame Editor|Win32.ActiveCfg = DebugGame_Editor|Win32
		{E271379C-5B4D-4F98-A3A0-98F272ED01A0}.DebugGame Editor|Win64.ActiveCfg = DebugGame_Editor|x64
		{E271379C-5B4D-4F98-A3A0-98F272ED01A0}.DebugGame Editor|Win64.Build.0 = DebugGame_Editor|x64
		{E271379C-5B4D-4F98-A3A0-98F272ED01A0}.DebugGame|HTML5.ActiveCfg = HTML5_DebugGame_Game|Win32
		{E271379C-5B4D-4F98-A3A0-98F272ED01A0}.DebugGame|HTML5.Build.0 = HTML5_DebugGame_Game|Win32
		{E271379C-5B4D-4F98-A3A0-98F272ED01A0}.DebugGame|Win32.ActiveCfg = DebugGame_Game|Win32
		{E271379C-5B4D-4F98-A3A0-98F272ED01A0}.DebugGame|Win32.Build.0 = DebugGame_Game|Win32
		{E271379C-5B4D-4F98-A3A0-98F272ED01A0}.DebugGame|Win64.ActiveCfg = DebugGame_Game|x64
		{E271379C-5B4D-4F98-A3A0-98F272ED01A0}.DebugGame|Win64.Build.0 = DebugGame_Game|x64
		{E271379C-5B4D-4F98-A3A0-98F272ED01A0}.Development Editor|HTML5.ActiveCfg = HTML5_Development_Editor|Win32
		{E271379C-5B4D-4F98-A3A0-98F272ED01A0}.Development Editor|Win32.ActiveCfg = Development_Editor|Win32
		{E271379C-5B4D-4F98-A3A0-98F272ED01A0}.Development Editor|Win64.ActiveCfg = Development_Editor|x64
		{E271379C-5B4D-4F98-A3A0-98F272ED01A0}.Development Editor|Win64.Build.0 = Development_Editor|x64
		{E271379C-5B4D-4F98-A3A0-98F272ED01A0}.Development|HTML5.ActiveCfg = HTML5_Development_Game|Win32
		{E271379C-5B4D-4F98-A3A0-98F272ED01A0}.Development|HTML5.Build.0 = HTML5_Development_Game|Win32
		{E271379C-5B4D-4F98-A3A0-98F272ED01A0}.Development|Win32.ActiveCfg = Development_Game|Win32
		{E271379C-5B4D-4F98-A3A0-98F272ED01A0}.Development|Win32.Build.0 = Development_Game|Win32
		{E271379C-5B4D-4F98-A3A0-98F272ED01A0}.Development|Win64.ActiveCfg = Development_Game|x64
		{E271379C-5B4D-4F98-A3A0-98F272ED01A0}.Development|Win64.Build.0 = Development_Game|x64
		{E271379C-5B4D-4F98-A3A0-98F272ED01A0}.Shipping|HTML5.ActiveCfg = HTML5_Shipping_Game|Win32
		{E271379C-5B4D-4F98-A3A0-98F272ED01A0}.Shipping|HTML5.Build.0 = HTML5_Shipping_Game|Win32
		{E271379C-5B4D-4F98-A3A0-98F272ED01A0}.Shipping|Win32.ActiveCfg = Shipping_Game|Win32
		{E271379C-5B4D-4F98-A3A0-98F272ED01A0}.Shipping|Win32.Build.0 = Shipping_Game|Win32
		{E271379C-5B4D-4F98-A3A0-98F272ED01A0}.Shipping|Win64.ActiveCfg = Shipping_Game|x64
		{E271379C-5B4D-4F98-A3A0-98F272ED01A0}.Shipping|Win64.Build.0 = Shipping_Game|x64
	EndGlobalSection
	GlobalSection(SolutionProperties) = preSolution
		HideSolutionNode = FALSE
	EndGlobalSection
	GlobalSection(NestedProjects) = preSolution
		{9A38DE53-8B82-4EE5-BDAF-021FB8C5A7DE} = {5843B5CA-93EF-42FA-A6FE-ECA9FBD83948}
		{E271379C-5B4D-4F98-A3A0-98F272ED01A0} = {06FCF434-57D8-4EFE-AE12-02CCF539F9FB}
	EndGlobalSection
EndGlobal
